
Microsoft Visual Studio Solution File, Format Version 12.00
# Visual Studio Version 17
VisualStudioVersion = 17.4.33213.308
MinimumVisualStudioVersion = 10.0.40219.1
Project("{2150E333-8FDC-42A3-9474-1A3956D46DE8}") = "Tests", "Tests", "{88C2A621-8A98-4D07-8625-7900FC8EF89E}"
EndProject
Project("{2150E333-8FDC-42A3-9474-1A3956D46DE8}") = "Tools", "Tools", "{7591C5B3-D86E-4AE4-8ED2-B272D17FE7E3}"
EndProject
Project("{2150E333-8FDC-42A3-9474-1A3956D46DE8}") = "Framework", "Framework", "{81AE04BC-CBFA-4E6F-B039-8208E9AFAAE7}"
EndProject
Project("{2150E333-8FDC-42A3-9474-1A3956D46DE8}") = "ProjectPlugins", "ProjectPlugins", "{8F1F1C2A-E313-4E0C-BE40-58FB0BA91124}"
EndProject
Project("{9A19103F-16F7-4668-BE54-9A1E7A4F7556}") = "ArgsUniform", "Framework\ArgsUniform\ArgsUniform.csproj", "{9922732F-01B3-4DBB-ADEC-E5451AB90CEE}"
EndProject
Project("{9A19103F-16F7-4668-BE54-9A1E7A4F7556}") = "Core", "Framework\Core\Core.csproj", "{D5E952BA-DCB1-4EA8-A038-6E2E0FCD64D9}"
EndProject
Project("{9A19103F-16F7-4668-BE54-9A1E7A4F7556}") = "FileUtils", "Framework\FileUtils\FileUtils.csproj", "{D10125E6-FF03-4292-A22C-9D622B2ACEDE}"
EndProject
Project("{9A19103F-16F7-4668-BE54-9A1E7A4F7556}") = "KubernetesWorkflow", "Framework\KubernetesWorkflow\KubernetesWorkflow.csproj", "{98198410-71F9-4498-8550-E6F08B1FC4FA}"
EndProject
Project("{9A19103F-16F7-4668-BE54-9A1E7A4F7556}") = "Logging", "Framework\Logging\Logging.csproj", "{4FB7FC96-CB01-4905-9E40-3768692EDC0A}"
EndProject
Project("{9A19103F-16F7-4668-BE54-9A1E7A4F7556}") = "NethereumWorkflow", "Framework\NethereumWorkflow\NethereumWorkflow.csproj", "{70CFFF7A-FA63-48DB-B304-8C859998F339}"
EndProject
Project("{9A19103F-16F7-4668-BE54-9A1E7A4F7556}") = "Utils", "Framework\Utils\Utils.csproj", "{8D264872-5361-4AC5-8A99-908137E13A22}"
EndProject
Project("{9A19103F-16F7-4668-BE54-9A1E7A4F7556}") = "CodexContractsPlugin", "ProjectPlugins\CodexContractsPlugin\CodexContractsPlugin.csproj", "{65D97CC1-E566-423E-9BD8-A1FA936CAAFA}"
EndProject
Project("{9A19103F-16F7-4668-BE54-9A1E7A4F7556}") = "CodexPlugin", "ProjectPlugins\CodexPlugin\CodexPlugin.csproj", "{F36DFCB1-C33F-426B-851B-FB1DEE7F028E}"
EndProject
Project("{9A19103F-16F7-4668-BE54-9A1E7A4F7556}") = "GethPlugin", "ProjectPlugins\GethPlugin\GethPlugin.csproj", "{8B39F251-F948-40AE-8922-3D8C4E529A86}"
EndProject
Project("{9A19103F-16F7-4668-BE54-9A1E7A4F7556}") = "MetricsPlugin", "ProjectPlugins\MetricsPlugin\MetricsPlugin.csproj", "{8DE8FF65-23CB-4FB3-8BE5-6C0BEC4BAA97}"
EndProject
Project("{9A19103F-16F7-4668-BE54-9A1E7A4F7556}") = "CodexContinuousTests", "Tests\CodexContinuousTests\CodexContinuousTests.csproj", "{ADEC06CF-6F3A-44C5-AA57-EAB94124AC82}"
EndProject
Project("{9A19103F-16F7-4668-BE54-9A1E7A4F7556}") = "CodexTestsLong", "Tests\CodexLongTests\CodexTestsLong.csproj", "{0C2D067F-053C-45A8-AE0D-4EB388E77C89}"
EndProject
Project("{9A19103F-16F7-4668-BE54-9A1E7A4F7556}") = "DistTestCore", "Tests\DistTestCore\DistTestCore.csproj", "{E849B7BA-FDCC-4CFF-998F-845ED2F1BF40}"
EndProject
Project("{9A19103F-16F7-4668-BE54-9A1E7A4F7556}") = "CodexNetDeployer", "Tools\CodexNetDeployer\CodexNetDeployer.csproj", "{3417D508-E2F4-4974-8988-BB124046D9E2}"
EndProject
Project("{9A19103F-16F7-4668-BE54-9A1E7A4F7556}") = "BiblioTech", "Tools\BiblioTech\BiblioTech.csproj", "{078ABA6D-A04E-4F62-A44C-EA66F1B66548}"
EndProject
Project("{9A19103F-16F7-4668-BE54-9A1E7A4F7556}") = "CodexDiscordBotPlugin", "ProjectPlugins\CodexDiscordBotPlugin\CodexDiscordBotPlugin.csproj", "{FB96A58B-F7F0-490A-9A85-72A96A018042}"
EndProject
Project("{9A19103F-16F7-4668-BE54-9A1E7A4F7556}") = "TestClusterStarter", "Tools\TestClusterStarter\TestClusterStarter.csproj", "{3E38A906-C2FC-43DC-8CA2-FC07C79CF3CA}"
EndProject
Project("{9A19103F-16F7-4668-BE54-9A1E7A4F7556}") = "DeployAndRunPlugin", "ProjectPlugins\DeployAndRunPlugin\DeployAndRunPlugin.csproj", "{1CC5AF82-8924-4C7E-BFF1-3125D86E53FB}"
EndProject
Project("{9A19103F-16F7-4668-BE54-9A1E7A4F7556}") = "FrameworkTests", "Tests\FrameworkTests\FrameworkTests.csproj", "{25E72004-4D71-4D1E-A193-FC125D12FF96}"
EndProject
Project("{9A19103F-16F7-4668-BE54-9A1E7A4F7556}") = "TestNetRewarder", "Tools\TestNetRewarder\TestNetRewarder.csproj", "{570C0DBE-0EF1-47B5-9A3B-E1F7895722A5}"
EndProject
Project("{9A19103F-16F7-4668-BE54-9A1E7A4F7556}") = "GethConnector", "Framework\GethConnector\GethConnector.csproj", "{F730DA73-1C92-4107-BCFB-D33759DAB0C3}"
EndProject
Project("{9A19103F-16F7-4668-BE54-9A1E7A4F7556}") = "DiscordRewards", "Framework\DiscordRewards\DiscordRewards.csproj", "{B07820C4-309F-4454-BCC1-1D4902C9C67B}"
EndProject
Project("{9A19103F-16F7-4668-BE54-9A1E7A4F7556}") = "CodexPluginPrebuild", "ProjectPlugins\CodexPluginPrebuild\CodexPluginPrebuild.csproj", "{88C212E9-308A-46A4-BAAD-468E8EBD8EDF}"
EndProject
Project("{2150E333-8FDC-42A3-9474-1A3956D46DE8}") = "Solution Items", "Solution Items", "{FD6E81BA-93E8-4BB7-94F8-98C5427E02B0}"
	ProjectSection(SolutionItems) = preProject
		.editorconfig = .editorconfig
	EndProjectSection
EndProject
Project("{9A19103F-16F7-4668-BE54-9A1E7A4F7556}") = "AutoClient", "Tools\AutoClient\AutoClient.csproj", "{73599F9C-98BB-4C6A-9D7D-7C50FBF2993B}"
EndProject
Project("{9A19103F-16F7-4668-BE54-9A1E7A4F7556}") = "KeyMaker", "Tools\KeyMaker\KeyMaker.csproj", "{B57A4789-D8EF-42E0-8D20-581C4057FFD3}"
EndProject
Project("{9A19103F-16F7-4668-BE54-9A1E7A4F7556}") = "OverwatchTranscript", "Framework\OverwatchTranscript\OverwatchTranscript.csproj", "{870DDFBE-D7ED-4196-9681-13CA947BDEA6}"
EndProject
Project("{9A19103F-16F7-4668-BE54-9A1E7A4F7556}") = "TranscriptAnalysis", "Tools\TranscriptAnalysis\TranscriptAnalysis.csproj", "{C0EEBD32-23CB-45EC-A863-79FB948508C8}"
EndProject
Project("{9A19103F-16F7-4668-BE54-9A1E7A4F7556}") = "MarketInsights", "Tools\MarketInsights\MarketInsights.csproj", "{004614DF-1C65-45E3-882D-59AE44282573}"
EndProject
Project("{9A19103F-16F7-4668-BE54-9A1E7A4F7556}") = "CsvCombiner", "Tools\CsvCombiner\CsvCombiner.csproj", "{6230347F-5045-4E25-8E7A-13D7221B7444}"
EndProject
Project("{9A19103F-16F7-4668-BE54-9A1E7A4F7556}") = "CodexReleaseTests", "Tests\CodexReleaseTests\CodexReleaseTests.csproj", "{639A0603-4E80-465B-BB59-AB02F1DEEF5A}"
EndProject
Project("{FAE04EC0-301F-11D3-BF4B-00C04F79EFBC}") = "ExperimentalTests", "Tests\ExperimentalTests\ExperimentalTests.csproj", "{BA7369CD-7C2F-4075-8E35-98BCC19EE203}"
EndProject
Project("{FAE04EC0-301F-11D3-BF4B-00C04F79EFBC}") = "BlockchainUtils", "Framework\BlockchainUtils\BlockchainUtils.csproj", "{4648B5AA-A0A7-44BA-89BC-2FD57370943C}"
EndProject
Project("{FAE04EC0-301F-11D3-BF4B-00C04F79EFBC}") = "CodexClient", "ProjectPlugins\CodexClient\CodexClient.csproj", "{9AF12703-29AF-416D-9781-204223D6D0E5}"
EndProject
Project("{FAE04EC0-301F-11D3-BF4B-00C04F79EFBC}") = "WebUtils", "Framework\WebUtils\WebUtils.csproj", "{372C9E5D-5453-4D45-9948-E9324E21AD65}"
EndProject
Project("{FAE04EC0-301F-11D3-BF4B-00C04F79EFBC}") = "TraceContract", "Tools\TraceContract\TraceContract.csproj", "{58CDACE0-8F8D-2BB7-EA3A-0CB6A994A7F8}"
EndProject
Global
	GlobalSection(SolutionConfigurationPlatforms) = preSolution
		Debug|Any CPU = Debug|Any CPU
		Release|Any CPU = Release|Any CPU
	EndGlobalSection
	GlobalSection(ProjectConfigurationPlatforms) = postSolution
		{9922732F-01B3-4DBB-ADEC-E5451AB90CEE}.Debug|Any CPU.ActiveCfg = Debug|Any CPU
		{9922732F-01B3-4DBB-ADEC-E5451AB90CEE}.Debug|Any CPU.Build.0 = Debug|Any CPU
		{9922732F-01B3-4DBB-ADEC-E5451AB90CEE}.Release|Any CPU.ActiveCfg = Release|Any CPU
		{9922732F-01B3-4DBB-ADEC-E5451AB90CEE}.Release|Any CPU.Build.0 = Release|Any CPU
		{D5E952BA-DCB1-4EA8-A038-6E2E0FCD64D9}.Debug|Any CPU.ActiveCfg = Debug|Any CPU
		{D5E952BA-DCB1-4EA8-A038-6E2E0FCD64D9}.Debug|Any CPU.Build.0 = Debug|Any CPU
		{D5E952BA-DCB1-4EA8-A038-6E2E0FCD64D9}.Release|Any CPU.ActiveCfg = Release|Any CPU
		{D5E952BA-DCB1-4EA8-A038-6E2E0FCD64D9}.Release|Any CPU.Build.0 = Release|Any CPU
		{D10125E6-FF03-4292-A22C-9D622B2ACEDE}.Debug|Any CPU.ActiveCfg = Debug|Any CPU
		{D10125E6-FF03-4292-A22C-9D622B2ACEDE}.Debug|Any CPU.Build.0 = Debug|Any CPU
		{D10125E6-FF03-4292-A22C-9D622B2ACEDE}.Release|Any CPU.ActiveCfg = Release|Any CPU
		{D10125E6-FF03-4292-A22C-9D622B2ACEDE}.Release|Any CPU.Build.0 = Release|Any CPU
		{98198410-71F9-4498-8550-E6F08B1FC4FA}.Debug|Any CPU.ActiveCfg = Debug|Any CPU
		{98198410-71F9-4498-8550-E6F08B1FC4FA}.Debug|Any CPU.Build.0 = Debug|Any CPU
		{98198410-71F9-4498-8550-E6F08B1FC4FA}.Release|Any CPU.ActiveCfg = Release|Any CPU
		{98198410-71F9-4498-8550-E6F08B1FC4FA}.Release|Any CPU.Build.0 = Release|Any CPU
		{4FB7FC96-CB01-4905-9E40-3768692EDC0A}.Debug|Any CPU.ActiveCfg = Debug|Any CPU
		{4FB7FC96-CB01-4905-9E40-3768692EDC0A}.Debug|Any CPU.Build.0 = Debug|Any CPU
		{4FB7FC96-CB01-4905-9E40-3768692EDC0A}.Release|Any CPU.ActiveCfg = Release|Any CPU
		{4FB7FC96-CB01-4905-9E40-3768692EDC0A}.Release|Any CPU.Build.0 = Release|Any CPU
		{70CFFF7A-FA63-48DB-B304-8C859998F339}.Debug|Any CPU.ActiveCfg = Debug|Any CPU
		{70CFFF7A-FA63-48DB-B304-8C859998F339}.Debug|Any CPU.Build.0 = Debug|Any CPU
		{70CFFF7A-FA63-48DB-B304-8C859998F339}.Release|Any CPU.ActiveCfg = Release|Any CPU
		{70CFFF7A-FA63-48DB-B304-8C859998F339}.Release|Any CPU.Build.0 = Release|Any CPU
		{8D264872-5361-4AC5-8A99-908137E13A22}.Debug|Any CPU.ActiveCfg = Debug|Any CPU
		{8D264872-5361-4AC5-8A99-908137E13A22}.Debug|Any CPU.Build.0 = Debug|Any CPU
		{8D264872-5361-4AC5-8A99-908137E13A22}.Release|Any CPU.ActiveCfg = Release|Any CPU
		{8D264872-5361-4AC5-8A99-908137E13A22}.Release|Any CPU.Build.0 = Release|Any CPU
		{65D97CC1-E566-423E-9BD8-A1FA936CAAFA}.Debug|Any CPU.ActiveCfg = Debug|Any CPU
		{65D97CC1-E566-423E-9BD8-A1FA936CAAFA}.Debug|Any CPU.Build.0 = Debug|Any CPU
		{65D97CC1-E566-423E-9BD8-A1FA936CAAFA}.Release|Any CPU.ActiveCfg = Release|Any CPU
		{65D97CC1-E566-423E-9BD8-A1FA936CAAFA}.Release|Any CPU.Build.0 = Release|Any CPU
		{F36DFCB1-C33F-426B-851B-FB1DEE7F028E}.Debug|Any CPU.ActiveCfg = Debug|Any CPU
		{F36DFCB1-C33F-426B-851B-FB1DEE7F028E}.Debug|Any CPU.Build.0 = Debug|Any CPU
		{F36DFCB1-C33F-426B-851B-FB1DEE7F028E}.Release|Any CPU.ActiveCfg = Release|Any CPU
		{F36DFCB1-C33F-426B-851B-FB1DEE7F028E}.Release|Any CPU.Build.0 = Release|Any CPU
		{8B39F251-F948-40AE-8922-3D8C4E529A86}.Debug|Any CPU.ActiveCfg = Debug|Any CPU
		{8B39F251-F948-40AE-8922-3D8C4E529A86}.Debug|Any CPU.Build.0 = Debug|Any CPU
		{8B39F251-F948-40AE-8922-3D8C4E529A86}.Release|Any CPU.ActiveCfg = Release|Any CPU
		{8B39F251-F948-40AE-8922-3D8C4E529A86}.Release|Any CPU.Build.0 = Release|Any CPU
		{8DE8FF65-23CB-4FB3-8BE5-6C0BEC4BAA97}.Debug|Any CPU.ActiveCfg = Debug|Any CPU
		{8DE8FF65-23CB-4FB3-8BE5-6C0BEC4BAA97}.Debug|Any CPU.Build.0 = Debug|Any CPU
		{8DE8FF65-23CB-4FB3-8BE5-6C0BEC4BAA97}.Release|Any CPU.ActiveCfg = Release|Any CPU
		{8DE8FF65-23CB-4FB3-8BE5-6C0BEC4BAA97}.Release|Any CPU.Build.0 = Release|Any CPU
		{ADEC06CF-6F3A-44C5-AA57-EAB94124AC82}.Debug|Any CPU.ActiveCfg = Debug|Any CPU
		{ADEC06CF-6F3A-44C5-AA57-EAB94124AC82}.Debug|Any CPU.Build.0 = Debug|Any CPU
		{ADEC06CF-6F3A-44C5-AA57-EAB94124AC82}.Release|Any CPU.ActiveCfg = Release|Any CPU
		{ADEC06CF-6F3A-44C5-AA57-EAB94124AC82}.Release|Any CPU.Build.0 = Release|Any CPU
		{0C2D067F-053C-45A8-AE0D-4EB388E77C89}.Debug|Any CPU.ActiveCfg = Debug|Any CPU
		{0C2D067F-053C-45A8-AE0D-4EB388E77C89}.Debug|Any CPU.Build.0 = Debug|Any CPU
		{0C2D067F-053C-45A8-AE0D-4EB388E77C89}.Release|Any CPU.ActiveCfg = Release|Any CPU
		{0C2D067F-053C-45A8-AE0D-4EB388E77C89}.Release|Any CPU.Build.0 = Release|Any CPU
		{E849B7BA-FDCC-4CFF-998F-845ED2F1BF40}.Debug|Any CPU.ActiveCfg = Debug|Any CPU
		{E849B7BA-FDCC-4CFF-998F-845ED2F1BF40}.Debug|Any CPU.Build.0 = Debug|Any CPU
		{E849B7BA-FDCC-4CFF-998F-845ED2F1BF40}.Release|Any CPU.ActiveCfg = Release|Any CPU
		{E849B7BA-FDCC-4CFF-998F-845ED2F1BF40}.Release|Any CPU.Build.0 = Release|Any CPU
		{3417D508-E2F4-4974-8988-BB124046D9E2}.Debug|Any CPU.ActiveCfg = Debug|Any CPU
		{3417D508-E2F4-4974-8988-BB124046D9E2}.Debug|Any CPU.Build.0 = Debug|Any CPU
		{3417D508-E2F4-4974-8988-BB124046D9E2}.Release|Any CPU.ActiveCfg = Release|Any CPU
		{3417D508-E2F4-4974-8988-BB124046D9E2}.Release|Any CPU.Build.0 = Release|Any CPU
		{078ABA6D-A04E-4F62-A44C-EA66F1B66548}.Debug|Any CPU.ActiveCfg = Debug|Any CPU
		{078ABA6D-A04E-4F62-A44C-EA66F1B66548}.Debug|Any CPU.Build.0 = Debug|Any CPU
		{078ABA6D-A04E-4F62-A44C-EA66F1B66548}.Release|Any CPU.ActiveCfg = Release|Any CPU
		{078ABA6D-A04E-4F62-A44C-EA66F1B66548}.Release|Any CPU.Build.0 = Release|Any CPU
		{FB96A58B-F7F0-490A-9A85-72A96A018042}.Debug|Any CPU.ActiveCfg = Debug|Any CPU
		{FB96A58B-F7F0-490A-9A85-72A96A018042}.Debug|Any CPU.Build.0 = Debug|Any CPU
		{FB96A58B-F7F0-490A-9A85-72A96A018042}.Release|Any CPU.ActiveCfg = Release|Any CPU
		{FB96A58B-F7F0-490A-9A85-72A96A018042}.Release|Any CPU.Build.0 = Release|Any CPU
		{3E38A906-C2FC-43DC-8CA2-FC07C79CF3CA}.Debug|Any CPU.ActiveCfg = Debug|Any CPU
		{3E38A906-C2FC-43DC-8CA2-FC07C79CF3CA}.Debug|Any CPU.Build.0 = Debug|Any CPU
		{3E38A906-C2FC-43DC-8CA2-FC07C79CF3CA}.Release|Any CPU.ActiveCfg = Release|Any CPU
		{3E38A906-C2FC-43DC-8CA2-FC07C79CF3CA}.Release|Any CPU.Build.0 = Release|Any CPU
		{1CC5AF82-8924-4C7E-BFF1-3125D86E53FB}.Debug|Any CPU.ActiveCfg = Debug|Any CPU
		{1CC5AF82-8924-4C7E-BFF1-3125D86E53FB}.Debug|Any CPU.Build.0 = Debug|Any CPU
		{1CC5AF82-8924-4C7E-BFF1-3125D86E53FB}.Release|Any CPU.ActiveCfg = Release|Any CPU
		{1CC5AF82-8924-4C7E-BFF1-3125D86E53FB}.Release|Any CPU.Build.0 = Release|Any CPU
		{25E72004-4D71-4D1E-A193-FC125D12FF96}.Debug|Any CPU.ActiveCfg = Debug|Any CPU
		{25E72004-4D71-4D1E-A193-FC125D12FF96}.Debug|Any CPU.Build.0 = Debug|Any CPU
		{25E72004-4D71-4D1E-A193-FC125D12FF96}.Release|Any CPU.ActiveCfg = Release|Any CPU
		{25E72004-4D71-4D1E-A193-FC125D12FF96}.Release|Any CPU.Build.0 = Release|Any CPU
		{570C0DBE-0EF1-47B5-9A3B-E1F7895722A5}.Debug|Any CPU.ActiveCfg = Debug|Any CPU
		{570C0DBE-0EF1-47B5-9A3B-E1F7895722A5}.Debug|Any CPU.Build.0 = Debug|Any CPU
		{570C0DBE-0EF1-47B5-9A3B-E1F7895722A5}.Release|Any CPU.ActiveCfg = Release|Any CPU
		{570C0DBE-0EF1-47B5-9A3B-E1F7895722A5}.Release|Any CPU.Build.0 = Release|Any CPU
		{F730DA73-1C92-4107-BCFB-D33759DAB0C3}.Debug|Any CPU.ActiveCfg = Debug|Any CPU
		{F730DA73-1C92-4107-BCFB-D33759DAB0C3}.Debug|Any CPU.Build.0 = Debug|Any CPU
		{F730DA73-1C92-4107-BCFB-D33759DAB0C3}.Release|Any CPU.ActiveCfg = Release|Any CPU
		{F730DA73-1C92-4107-BCFB-D33759DAB0C3}.Release|Any CPU.Build.0 = Release|Any CPU
		{B07820C4-309F-4454-BCC1-1D4902C9C67B}.Debug|Any CPU.ActiveCfg = Debug|Any CPU
		{B07820C4-309F-4454-BCC1-1D4902C9C67B}.Debug|Any CPU.Build.0 = Debug|Any CPU
		{B07820C4-309F-4454-BCC1-1D4902C9C67B}.Release|Any CPU.ActiveCfg = Release|Any CPU
		{B07820C4-309F-4454-BCC1-1D4902C9C67B}.Release|Any CPU.Build.0 = Release|Any CPU
		{88C212E9-308A-46A4-BAAD-468E8EBD8EDF}.Debug|Any CPU.ActiveCfg = Debug|Any CPU
		{88C212E9-308A-46A4-BAAD-468E8EBD8EDF}.Debug|Any CPU.Build.0 = Debug|Any CPU
		{88C212E9-308A-46A4-BAAD-468E8EBD8EDF}.Release|Any CPU.ActiveCfg = Release|Any CPU
		{88C212E9-308A-46A4-BAAD-468E8EBD8EDF}.Release|Any CPU.Build.0 = Release|Any CPU
		{73599F9C-98BB-4C6A-9D7D-7C50FBF2993B}.Debug|Any CPU.ActiveCfg = Debug|Any CPU
		{73599F9C-98BB-4C6A-9D7D-7C50FBF2993B}.Debug|Any CPU.Build.0 = Debug|Any CPU
		{73599F9C-98BB-4C6A-9D7D-7C50FBF2993B}.Release|Any CPU.ActiveCfg = Release|Any CPU
		{73599F9C-98BB-4C6A-9D7D-7C50FBF2993B}.Release|Any CPU.Build.0 = Release|Any CPU
		{B57A4789-D8EF-42E0-8D20-581C4057FFD3}.Debug|Any CPU.ActiveCfg = Debug|Any CPU
		{B57A4789-D8EF-42E0-8D20-581C4057FFD3}.Debug|Any CPU.Build.0 = Debug|Any CPU
		{B57A4789-D8EF-42E0-8D20-581C4057FFD3}.Release|Any CPU.ActiveCfg = Release|Any CPU
		{B57A4789-D8EF-42E0-8D20-581C4057FFD3}.Release|Any CPU.Build.0 = Release|Any CPU
		{870DDFBE-D7ED-4196-9681-13CA947BDEA6}.Debug|Any CPU.ActiveCfg = Debug|Any CPU
		{870DDFBE-D7ED-4196-9681-13CA947BDEA6}.Debug|Any CPU.Build.0 = Debug|Any CPU
		{870DDFBE-D7ED-4196-9681-13CA947BDEA6}.Release|Any CPU.ActiveCfg = Release|Any CPU
		{870DDFBE-D7ED-4196-9681-13CA947BDEA6}.Release|Any CPU.Build.0 = Release|Any CPU
		{C0EEBD32-23CB-45EC-A863-79FB948508C8}.Debug|Any CPU.ActiveCfg = Debug|Any CPU
		{C0EEBD32-23CB-45EC-A863-79FB948508C8}.Debug|Any CPU.Build.0 = Debug|Any CPU
		{C0EEBD32-23CB-45EC-A863-79FB948508C8}.Release|Any CPU.ActiveCfg = Release|Any CPU
		{C0EEBD32-23CB-45EC-A863-79FB948508C8}.Release|Any CPU.Build.0 = Release|Any CPU
		{004614DF-1C65-45E3-882D-59AE44282573}.Debug|Any CPU.ActiveCfg = Debug|Any CPU
		{004614DF-1C65-45E3-882D-59AE44282573}.Debug|Any CPU.Build.0 = Debug|Any CPU
		{004614DF-1C65-45E3-882D-59AE44282573}.Release|Any CPU.ActiveCfg = Release|Any CPU
		{004614DF-1C65-45E3-882D-59AE44282573}.Release|Any CPU.Build.0 = Release|Any CPU
		{6230347F-5045-4E25-8E7A-13D7221B7444}.Debug|Any CPU.ActiveCfg = Debug|Any CPU
		{6230347F-5045-4E25-8E7A-13D7221B7444}.Debug|Any CPU.Build.0 = Debug|Any CPU
		{6230347F-5045-4E25-8E7A-13D7221B7444}.Release|Any CPU.ActiveCfg = Release|Any CPU
		{6230347F-5045-4E25-8E7A-13D7221B7444}.Release|Any CPU.Build.0 = Release|Any CPU
		{639A0603-4E80-465B-BB59-AB02F1DEEF5A}.Debug|Any CPU.ActiveCfg = Debug|Any CPU
		{639A0603-4E80-465B-BB59-AB02F1DEEF5A}.Debug|Any CPU.Build.0 = Debug|Any CPU
		{639A0603-4E80-465B-BB59-AB02F1DEEF5A}.Release|Any CPU.ActiveCfg = Release|Any CPU
		{639A0603-4E80-465B-BB59-AB02F1DEEF5A}.Release|Any CPU.Build.0 = Release|Any CPU
		{BA7369CD-7C2F-4075-8E35-98BCC19EE203}.Debug|Any CPU.ActiveCfg = Debug|Any CPU
		{BA7369CD-7C2F-4075-8E35-98BCC19EE203}.Debug|Any CPU.Build.0 = Debug|Any CPU
		{BA7369CD-7C2F-4075-8E35-98BCC19EE203}.Release|Any CPU.ActiveCfg = Release|Any CPU
		{BA7369CD-7C2F-4075-8E35-98BCC19EE203}.Release|Any CPU.Build.0 = Release|Any CPU
		{4648B5AA-A0A7-44BA-89BC-2FD57370943C}.Debug|Any CPU.ActiveCfg = Debug|Any CPU
		{4648B5AA-A0A7-44BA-89BC-2FD57370943C}.Debug|Any CPU.Build.0 = Debug|Any CPU
		{4648B5AA-A0A7-44BA-89BC-2FD57370943C}.Release|Any CPU.ActiveCfg = Release|Any CPU
		{4648B5AA-A0A7-44BA-89BC-2FD57370943C}.Release|Any CPU.Build.0 = Release|Any CPU
		{9AF12703-29AF-416D-9781-204223D6D0E5}.Debug|Any CPU.ActiveCfg = Debug|Any CPU
		{9AF12703-29AF-416D-9781-204223D6D0E5}.Debug|Any CPU.Build.0 = Debug|Any CPU
		{9AF12703-29AF-416D-9781-204223D6D0E5}.Release|Any CPU.ActiveCfg = Release|Any CPU
		{9AF12703-29AF-416D-9781-204223D6D0E5}.Release|Any CPU.Build.0 = Release|Any CPU
		{372C9E5D-5453-4D45-9948-E9324E21AD65}.Debug|Any CPU.ActiveCfg = Debug|Any CPU
		{372C9E5D-5453-4D45-9948-E9324E21AD65}.Debug|Any CPU.Build.0 = Debug|Any CPU
		{372C9E5D-5453-4D45-9948-E9324E21AD65}.Release|Any CPU.ActiveCfg = Release|Any CPU
		{372C9E5D-5453-4D45-9948-E9324E21AD65}.Release|Any CPU.Build.0 = Release|Any CPU
		{58CDACE0-8F8D-2BB7-EA3A-0CB6A994A7F8}.Debug|Any CPU.ActiveCfg = Debug|Any CPU
		{58CDACE0-8F8D-2BB7-EA3A-0CB6A994A7F8}.Debug|Any CPU.Build.0 = Debug|Any CPU
		{58CDACE0-8F8D-2BB7-EA3A-0CB6A994A7F8}.Release|Any CPU.ActiveCfg = Release|Any CPU
		{58CDACE0-8F8D-2BB7-EA3A-0CB6A994A7F8}.Release|Any CPU.Build.0 = Release|Any CPU
	EndGlobalSection
	GlobalSection(SolutionProperties) = preSolution
		HideSolutionNode = FALSE
	EndGlobalSection
	GlobalSection(NestedProjects) = preSolution
		{9922732F-01B3-4DBB-ADEC-E5451AB90CEE} = {81AE04BC-CBFA-4E6F-B039-8208E9AFAAE7}
		{D5E952BA-DCB1-4EA8-A038-6E2E0FCD64D9} = {81AE04BC-CBFA-4E6F-B039-8208E9AFAAE7}
		{D10125E6-FF03-4292-A22C-9D622B2ACEDE} = {81AE04BC-CBFA-4E6F-B039-8208E9AFAAE7}
		{98198410-71F9-4498-8550-E6F08B1FC4FA} = {81AE04BC-CBFA-4E6F-B039-8208E9AFAAE7}
		{4FB7FC96-CB01-4905-9E40-3768692EDC0A} = {81AE04BC-CBFA-4E6F-B039-8208E9AFAAE7}
		{70CFFF7A-FA63-48DB-B304-8C859998F339} = {81AE04BC-CBFA-4E6F-B039-8208E9AFAAE7}
		{8D264872-5361-4AC5-8A99-908137E13A22} = {81AE04BC-CBFA-4E6F-B039-8208E9AFAAE7}
		{65D97CC1-E566-423E-9BD8-A1FA936CAAFA} = {8F1F1C2A-E313-4E0C-BE40-58FB0BA91124}
		{F36DFCB1-C33F-426B-851B-FB1DEE7F028E} = {8F1F1C2A-E313-4E0C-BE40-58FB0BA91124}
		{8B39F251-F948-40AE-8922-3D8C4E529A86} = {8F1F1C2A-E313-4E0C-BE40-58FB0BA91124}
		{8DE8FF65-23CB-4FB3-8BE5-6C0BEC4BAA97} = {8F1F1C2A-E313-4E0C-BE40-58FB0BA91124}
		{ADEC06CF-6F3A-44C5-AA57-EAB94124AC82} = {88C2A621-8A98-4D07-8625-7900FC8EF89E}
		{0C2D067F-053C-45A8-AE0D-4EB388E77C89} = {88C2A621-8A98-4D07-8625-7900FC8EF89E}
		{E849B7BA-FDCC-4CFF-998F-845ED2F1BF40} = {88C2A621-8A98-4D07-8625-7900FC8EF89E}
		{3417D508-E2F4-4974-8988-BB124046D9E2} = {7591C5B3-D86E-4AE4-8ED2-B272D17FE7E3}
		{078ABA6D-A04E-4F62-A44C-EA66F1B66548} = {7591C5B3-D86E-4AE4-8ED2-B272D17FE7E3}
		{FB96A58B-F7F0-490A-9A85-72A96A018042} = {8F1F1C2A-E313-4E0C-BE40-58FB0BA91124}
		{3E38A906-C2FC-43DC-8CA2-FC07C79CF3CA} = {7591C5B3-D86E-4AE4-8ED2-B272D17FE7E3}
		{1CC5AF82-8924-4C7E-BFF1-3125D86E53FB} = {8F1F1C2A-E313-4E0C-BE40-58FB0BA91124}
		{25E72004-4D71-4D1E-A193-FC125D12FF96} = {88C2A621-8A98-4D07-8625-7900FC8EF89E}
		{570C0DBE-0EF1-47B5-9A3B-E1F7895722A5} = {7591C5B3-D86E-4AE4-8ED2-B272D17FE7E3}
		{F730DA73-1C92-4107-BCFB-D33759DAB0C3} = {81AE04BC-CBFA-4E6F-B039-8208E9AFAAE7}
		{B07820C4-309F-4454-BCC1-1D4902C9C67B} = {81AE04BC-CBFA-4E6F-B039-8208E9AFAAE7}
		{88C212E9-308A-46A4-BAAD-468E8EBD8EDF} = {8F1F1C2A-E313-4E0C-BE40-58FB0BA91124}
		{73599F9C-98BB-4C6A-9D7D-7C50FBF2993B} = {7591C5B3-D86E-4AE4-8ED2-B272D17FE7E3}
		{B57A4789-D8EF-42E0-8D20-581C4057FFD3} = {7591C5B3-D86E-4AE4-8ED2-B272D17FE7E3}
		{870DDFBE-D7ED-4196-9681-13CA947BDEA6} = {81AE04BC-CBFA-4E6F-B039-8208E9AFAAE7}
		{C0EEBD32-23CB-45EC-A863-79FB948508C8} = {7591C5B3-D86E-4AE4-8ED2-B272D17FE7E3}
		{004614DF-1C65-45E3-882D-59AE44282573} = {7591C5B3-D86E-4AE4-8ED2-B272D17FE7E3}
		{6230347F-5045-4E25-8E7A-13D7221B7444} = {7591C5B3-D86E-4AE4-8ED2-B272D17FE7E3}
		{639A0603-4E80-465B-BB59-AB02F1DEEF5A} = {88C2A621-8A98-4D07-8625-7900FC8EF89E}
		{BA7369CD-7C2F-4075-8E35-98BCC19EE203} = {88C2A621-8A98-4D07-8625-7900FC8EF89E}
		{4648B5AA-A0A7-44BA-89BC-2FD57370943C} = {81AE04BC-CBFA-4E6F-B039-8208E9AFAAE7}
		{9AF12703-29AF-416D-9781-204223D6D0E5} = {8F1F1C2A-E313-4E0C-BE40-58FB0BA91124}
		{372C9E5D-5453-4D45-9948-E9324E21AD65} = {81AE04BC-CBFA-4E6F-B039-8208E9AFAAE7}
		{58CDACE0-8F8D-2BB7-EA3A-0CB6A994A7F8} = {7591C5B3-D86E-4AE4-8ED2-B272D17FE7E3}
	EndGlobalSection
	GlobalSection(ExtensibilityGlobals) = postSolution
		SolutionGuid = {237BF0AA-9EC4-4659-AD9A-65DEB974250C}
	EndGlobalSection
EndGlobal
