
Microsoft Visual Studio Solution File, Format Version 12.00
# Visual Studio Version 17
VisualStudioVersion = 17.4.33213.308
MinimumVisualStudioVersion = 10.0.40219.1
Project("{2150E333-8FDC-42A3-9474-1A3956D46DE8}") = "Tests", "Tests", "{88C2A621-8A98-4D07-8625-7900FC8EF89E}"
EndProject
Project("{2150E333-8FDC-42A3-9474-1A3956D46DE8}") = "Tools", "Tools", "{7591C5B3-D86E-4AE4-8ED2-B272D17FE7E3}"
EndProject
Project("{2150E333-8FDC-42A3-9474-1A3956D46DE8}") = "Framework", "Framework", "{81AE04BC-CBFA-4E6F-B039-8208E9AFAAE7}"
EndProject
Project("{2150E333-8FDC-42A3-9474-1A3956D46DE8}") = "ProjectPlugins", "ProjectPlugins", "{8F1F1C2A-E313-4E0C-BE40-58FB0BA91124}"
EndProject
Project("{9A19103F-16F7-4668-BE54-9A1E7A4F7556}") = "ArgsUniform", "Framework\ArgsUniform\ArgsUniform.csproj", "{9922732F-01B3-4DBB-ADEC-E5451AB90CEE}"
EndProject
Project("{9A19103F-16F7-4668-BE54-9A1E7A4F7556}") = "Core", "Framework\Core\Core.csproj", "{D5E952BA-DCB1-4EA8-A038-6E2E0FCD64D9}"
EndProject
Project("{9A19103F-16F7-4668-BE54-9A1E7A4F7556}") = "FileUtils", "Framework\FileUtils\FileUtils.csproj", "{D10125E6-FF03-4292-A22C-9D622B2ACEDE}"
EndProject
Project("{9A19103F-16F7-4668-BE54-9A1E7A4F7556}") = "KubernetesWorkflow", "Framework\KubernetesWorkflow\KubernetesWorkflow.csproj", "{98198410-71F9-4498-8550-E6F08B1FC4FA}"
EndProject
Project("{9A19103F-16F7-4668-BE54-9A1E7A4F7556}") = "Logging", "Framework\Logging\Logging.csproj", "{4FB7FC96-CB01-4905-9E40-3768692EDC0A}"
EndProject
Project("{9A19103F-16F7-4668-BE54-9A1E7A4F7556}") = "NethereumWorkflow", "Framework\NethereumWorkflow\NethereumWorkflow.csproj", "{70CFFF7A-FA63-48DB-B304-8C859998F339}"
EndProject
Project("{9A19103F-16F7-4668-BE54-9A1E7A4F7556}") = "Utils", "Framework\Utils\Utils.csproj", "{8D264872-5361-4AC5-8A99-908137E13A22}"
EndProject
Project("{9A19103F-16F7-4668-BE54-9A1E7A4F7556}") = "CodexContractsPlugin", "ProjectPlugins\CodexContractsPlugin\CodexContractsPlugin.csproj", "{65D97CC1-E566-423E-9BD8-A1FA936CAAFA}"
EndProject
Project("{9A19103F-16F7-4668-BE54-9A1E7A4F7556}") = "CodexPlugin", "ProjectPlugins\CodexPlugin\CodexPlugin.csproj", "{F36DFCB1-C33F-426B-851B-FB1DEE7F028E}"
EndProject
Project("{9A19103F-16F7-4668-BE54-9A1E7A4F7556}") = "GethPlugin", "ProjectPlugins\GethPlugin\GethPlugin.csproj", "{8B39F251-F948-40AE-8922-3D8C4E529A86}"
EndProject
Project("{9A19103F-16F7-4668-BE54-9A1E7A4F7556}") = "MetricsPlugin", "ProjectPlugins\MetricsPlugin\MetricsPlugin.csproj", "{8DE8FF65-23CB-4FB3-8BE5-6C0BEC4BAA97}"
EndProject
Project("{9A19103F-16F7-4668-BE54-9A1E7A4F7556}") = "CodexContinuousTests", "Tests\CodexContinuousTests\CodexContinuousTests.csproj", "{ADEC06CF-6F3A-44C5-AA57-EAB94124AC82}"
EndProject
Project("{9A19103F-16F7-4668-BE54-9A1E7A4F7556}") = "CodexTestsLong", "Tests\CodexLongTests\CodexTestsLong.csproj", "{0C2D067F-053C-45A8-AE0D-4EB388E77C89}"
EndProject
Project("{9A19103F-16F7-4668-BE54-9A1E7A4F7556}") = "CodexTests", "Tests\CodexTests\CodexTests.csproj", "{562EC700-6984-4C9A-83BF-3BF4E3EB1A64}"
EndProject
Project("{9A19103F-16F7-4668-BE54-9A1E7A4F7556}") = "DistTestCore", "Tests\DistTestCore\DistTestCore.csproj", "{E849B7BA-FDCC-4CFF-998F-845ED2F1BF40}"
EndProject
Project("{9A19103F-16F7-4668-BE54-9A1E7A4F7556}") = "CodexNetDeployer", "Tools\CodexNetDeployer\CodexNetDeployer.csproj", "{3417D508-E2F4-4974-8988-BB124046D9E2}"
EndProject
Project("{9A19103F-16F7-4668-BE54-9A1E7A4F7556}") = "WakuTests", "Tests\WakuTests\WakuTests.csproj", "{3D3BE9B7-ECFD-4F1C-A7DD-F037032C7A30}"
EndProject
Project("{9A19103F-16F7-4668-BE54-9A1E7A4F7556}") = "WakuPlugin", "ProjectPlugins\WakuPlugin\WakuPlugin.csproj", "{1E09E16D-AFC0-4E42-BFF0-E62A97465BD3}"
EndProject
Global
	GlobalSection(SolutionConfigurationPlatforms) = preSolution
		Debug|Any CPU = Debug|Any CPU
		Release|Any CPU = Release|Any CPU
	EndGlobalSection
	GlobalSection(ProjectConfigurationPlatforms) = postSolution
		{9922732F-01B3-4DBB-ADEC-E5451AB90CEE}.Debug|Any CPU.ActiveCfg = Debug|Any CPU
		{9922732F-01B3-4DBB-ADEC-E5451AB90CEE}.Debug|Any CPU.Build.0 = Debug|Any CPU
		{9922732F-01B3-4DBB-ADEC-E5451AB90CEE}.Release|Any CPU.ActiveCfg = Release|Any CPU
		{9922732F-01B3-4DBB-ADEC-E5451AB90CEE}.Release|Any CPU.Build.0 = Release|Any CPU
		{D5E952BA-DCB1-4EA8-A038-6E2E0FCD64D9}.Debug|Any CPU.ActiveCfg = Debug|Any CPU
		{D5E952BA-DCB1-4EA8-A038-6E2E0FCD64D9}.Debug|Any CPU.Build.0 = Debug|Any CPU
		{D5E952BA-DCB1-4EA8-A038-6E2E0FCD64D9}.Release|Any CPU.ActiveCfg = Release|Any CPU
		{D5E952BA-DCB1-4EA8-A038-6E2E0FCD64D9}.Release|Any CPU.Build.0 = Release|Any CPU
		{D10125E6-FF03-4292-A22C-9D622B2ACEDE}.Debug|Any CPU.ActiveCfg = Debug|Any CPU
		{D10125E6-FF03-4292-A22C-9D622B2ACEDE}.Debug|Any CPU.Build.0 = Debug|Any CPU
		{D10125E6-FF03-4292-A22C-9D622B2ACEDE}.Release|Any CPU.ActiveCfg = Release|Any CPU
		{D10125E6-FF03-4292-A22C-9D622B2ACEDE}.Release|Any CPU.Build.0 = Release|Any CPU
		{98198410-71F9-4498-8550-E6F08B1FC4FA}.Debug|Any CPU.ActiveCfg = Debug|Any CPU
		{98198410-71F9-4498-8550-E6F08B1FC4FA}.Debug|Any CPU.Build.0 = Debug|Any CPU
		{98198410-71F9-4498-8550-E6F08B1FC4FA}.Release|Any CPU.ActiveCfg = Release|Any CPU
		{98198410-71F9-4498-8550-E6F08B1FC4FA}.Release|Any CPU.Build.0 = Release|Any CPU
		{4FB7FC96-CB01-4905-9E40-3768692EDC0A}.Debug|Any CPU.ActiveCfg = Debug|Any CPU
		{4FB7FC96-CB01-4905-9E40-3768692EDC0A}.Debug|Any CPU.Build.0 = Debug|Any CPU
		{4FB7FC96-CB01-4905-9E40-3768692EDC0A}.Release|Any CPU.ActiveCfg = Release|Any CPU
		{4FB7FC96-CB01-4905-9E40-3768692EDC0A}.Release|Any CPU.Build.0 = Release|Any CPU
		{70CFFF7A-FA63-48DB-B304-8C859998F339}.Debug|Any CPU.ActiveCfg = Debug|Any CPU
		{70CFFF7A-FA63-48DB-B304-8C859998F339}.Debug|Any CPU.Build.0 = Debug|Any CPU
		{70CFFF7A-FA63-48DB-B304-8C859998F339}.Release|Any CPU.ActiveCfg = Release|Any CPU
		{70CFFF7A-FA63-48DB-B304-8C859998F339}.Release|Any CPU.Build.0 = Release|Any CPU
		{8D264872-5361-4AC5-8A99-908137E13A22}.Debug|Any CPU.ActiveCfg = Debug|Any CPU
		{8D264872-5361-4AC5-8A99-908137E13A22}.Debug|Any CPU.Build.0 = Debug|Any CPU
		{8D264872-5361-4AC5-8A99-908137E13A22}.Release|Any CPU.ActiveCfg = Release|Any CPU
		{8D264872-5361-4AC5-8A99-908137E13A22}.Release|Any CPU.Build.0 = Release|Any CPU
		{65D97CC1-E566-423E-9BD8-A1FA936CAAFA}.Debug|Any CPU.ActiveCfg = Debug|Any CPU
		{65D97CC1-E566-423E-9BD8-A1FA936CAAFA}.Debug|Any CPU.Build.0 = Debug|Any CPU
		{65D97CC1-E566-423E-9BD8-A1FA936CAAFA}.Release|Any CPU.ActiveCfg = Release|Any CPU
		{65D97CC1-E566-423E-9BD8-A1FA936CAAFA}.Release|Any CPU.Build.0 = Release|Any CPU
		{F36DFCB1-C33F-426B-851B-FB1DEE7F028E}.Debug|Any CPU.ActiveCfg = Debug|Any CPU
		{F36DFCB1-C33F-426B-851B-FB1DEE7F028E}.Debug|Any CPU.Build.0 = Debug|Any CPU
		{F36DFCB1-C33F-426B-851B-FB1DEE7F028E}.Release|Any CPU.ActiveCfg = Release|Any CPU
		{F36DFCB1-C33F-426B-851B-FB1DEE7F028E}.Release|Any CPU.Build.0 = Release|Any CPU
		{8B39F251-F948-40AE-8922-3D8C4E529A86}.Debug|Any CPU.ActiveCfg = Debug|Any CPU
		{8B39F251-F948-40AE-8922-3D8C4E529A86}.Debug|Any CPU.Build.0 = Debug|Any CPU
		{8B39F251-F948-40AE-8922-3D8C4E529A86}.Release|Any CPU.ActiveCfg = Release|Any CPU
		{8B39F251-F948-40AE-8922-3D8C4E529A86}.Release|Any CPU.Build.0 = Release|Any CPU
		{8DE8FF65-23CB-4FB3-8BE5-6C0BEC4BAA97}.Debug|Any CPU.ActiveCfg = Debug|Any CPU
		{8DE8FF65-23CB-4FB3-8BE5-6C0BEC4BAA97}.Debug|Any CPU.Build.0 = Debug|Any CPU
		{8DE8FF65-23CB-4FB3-8BE5-6C0BEC4BAA97}.Release|Any CPU.ActiveCfg = Release|Any CPU
		{8DE8FF65-23CB-4FB3-8BE5-6C0BEC4BAA97}.Release|Any CPU.Build.0 = Release|Any CPU
		{ADEC06CF-6F3A-44C5-AA57-EAB94124AC82}.Debug|Any CPU.ActiveCfg = Debug|Any CPU
		{ADEC06CF-6F3A-44C5-AA57-EAB94124AC82}.Debug|Any CPU.Build.0 = Debug|Any CPU
		{ADEC06CF-6F3A-44C5-AA57-EAB94124AC82}.Release|Any CPU.ActiveCfg = Release|Any CPU
		{ADEC06CF-6F3A-44C5-AA57-EAB94124AC82}.Release|Any CPU.Build.0 = Release|Any CPU
		{0C2D067F-053C-45A8-AE0D-4EB388E77C89}.Debug|Any CPU.ActiveCfg = Debug|Any CPU
		{0C2D067F-053C-45A8-AE0D-4EB388E77C89}.Debug|Any CPU.Build.0 = Debug|Any CPU
		{0C2D067F-053C-45A8-AE0D-4EB388E77C89}.Release|Any CPU.ActiveCfg = Release|Any CPU
		{0C2D067F-053C-45A8-AE0D-4EB388E77C89}.Release|Any CPU.Build.0 = Release|Any CPU
		{562EC700-6984-4C9A-83BF-3BF4E3EB1A64}.Debug|Any CPU.ActiveCfg = Debug|Any CPU
		{562EC700-6984-4C9A-83BF-3BF4E3EB1A64}.Debug|Any CPU.Build.0 = Debug|Any CPU
		{562EC700-6984-4C9A-83BF-3BF4E3EB1A64}.Release|Any CPU.ActiveCfg = Release|Any CPU
		{562EC700-6984-4C9A-83BF-3BF4E3EB1A64}.Release|Any CPU.Build.0 = Release|Any CPU
		{E849B7BA-FDCC-4CFF-998F-845ED2F1BF40}.Debug|Any CPU.ActiveCfg = Debug|Any CPU
		{E849B7BA-FDCC-4CFF-998F-845ED2F1BF40}.Debug|Any CPU.Build.0 = Debug|Any CPU
		{E849B7BA-FDCC-4CFF-998F-845ED2F1BF40}.Release|Any CPU.ActiveCfg = Release|Any CPU
		{E849B7BA-FDCC-4CFF-998F-845ED2F1BF40}.Release|Any CPU.Build.0 = Release|Any CPU
		{3417D508-E2F4-4974-8988-BB124046D9E2}.Debug|Any CPU.ActiveCfg = Debug|Any CPU
		{3417D508-E2F4-4974-8988-BB124046D9E2}.Debug|Any CPU.Build.0 = Debug|Any CPU
		{3417D508-E2F4-4974-8988-BB124046D9E2}.Release|Any CPU.ActiveCfg = Release|Any CPU
		{3417D508-E2F4-4974-8988-BB124046D9E2}.Release|Any CPU.Build.0 = Release|Any CPU
		{3D3BE9B7-ECFD-4F1C-A7DD-F037032C7A30}.Debug|Any CPU.ActiveCfg = Debug|Any CPU
		{3D3BE9B7-ECFD-4F1C-A7DD-F037032C7A30}.Debug|Any CPU.Build.0 = Debug|Any CPU
		{3D3BE9B7-ECFD-4F1C-A7DD-F037032C7A30}.Release|Any CPU.ActiveCfg = Release|Any CPU
		{3D3BE9B7-ECFD-4F1C-A7DD-F037032C7A30}.Release|Any CPU.Build.0 = Release|Any CPU
		{1E09E16D-AFC0-4E42-BFF0-E62A97465BD3}.Debug|Any CPU.ActiveCfg = Debug|Any CPU
		{1E09E16D-AFC0-4E42-BFF0-E62A97465BD3}.Debug|Any CPU.Build.0 = Debug|Any CPU
		{1E09E16D-AFC0-4E42-BFF0-E62A97465BD3}.Release|Any CPU.ActiveCfg = Release|Any CPU
		{1E09E16D-AFC0-4E42-BFF0-E62A97465BD3}.Release|Any CPU.Build.0 = Release|Any CPU
	EndGlobalSection
	GlobalSection(SolutionProperties) = preSolution
		HideSolutionNode = FALSE
	EndGlobalSection
	GlobalSection(NestedProjects) = preSolution
		{9922732F-01B3-4DBB-ADEC-E5451AB90CEE} = {81AE04BC-CBFA-4E6F-B039-8208E9AFAAE7}
		{D5E952BA-DCB1-4EA8-A038-6E2E0FCD64D9} = {81AE04BC-CBFA-4E6F-B039-8208E9AFAAE7}
		{D10125E6-FF03-4292-A22C-9D622B2ACEDE} = {81AE04BC-CBFA-4E6F-B039-8208E9AFAAE7}
		{98198410-71F9-4498-8550-E6F08B1FC4FA} = {81AE04BC-CBFA-4E6F-B039-8208E9AFAAE7}
		{4FB7FC96-CB01-4905-9E40-3768692EDC0A} = {81AE04BC-CBFA-4E6F-B039-8208E9AFAAE7}
		{70CFFF7A-FA63-48DB-B304-8C859998F339} = {81AE04BC-CBFA-4E6F-B039-8208E9AFAAE7}
		{8D264872-5361-4AC5-8A99-908137E13A22} = {81AE04BC-CBFA-4E6F-B039-8208E9AFAAE7}
		{65D97CC1-E566-423E-9BD8-A1FA936CAAFA} = {8F1F1C2A-E313-4E0C-BE40-58FB0BA91124}
		{F36DFCB1-C33F-426B-851B-FB1DEE7F028E} = {8F1F1C2A-E313-4E0C-BE40-58FB0BA91124}
		{8B39F251-F948-40AE-8922-3D8C4E529A86} = {8F1F1C2A-E313-4E0C-BE40-58FB0BA91124}
		{8DE8FF65-23CB-4FB3-8BE5-6C0BEC4BAA97} = {8F1F1C2A-E313-4E0C-BE40-58FB0BA91124}
		{ADEC06CF-6F3A-44C5-AA57-EAB94124AC82} = {88C2A621-8A98-4D07-8625-7900FC8EF89E}
		{0C2D067F-053C-45A8-AE0D-4EB388E77C89} = {88C2A621-8A98-4D07-8625-7900FC8EF89E}
		{562EC700-6984-4C9A-83BF-3BF4E3EB1A64} = {88C2A621-8A98-4D07-8625-7900FC8EF89E}
		{E849B7BA-FDCC-4CFF-998F-845ED2F1BF40} = {88C2A621-8A98-4D07-8625-7900FC8EF89E}
		{3417D508-E2F4-4974-8988-BB124046D9E2} = {7591C5B3-D86E-4AE4-8ED2-B272D17FE7E3}
		{3D3BE9B7-ECFD-4F1C-A7DD-F037032C7A30} = {88C2A621-8A98-4D07-8625-7900FC8EF89E}
		{1E09E16D-AFC0-4E42-BFF0-E62A97465BD3} = {8F1F1C2A-E313-4E0C-BE40-58FB0BA91124}
	EndGlobalSection
	GlobalSection(ExtensibilityGlobals) = postSolution
		SolutionGuid = {237BF0AA-9EC4-4659-AD9A-65DEB974250C}
	EndGlobalSection
EndGlobal
