
Microsoft Visual Studio Solution File, Format Version 12.00
# Visual Studio Version 17
VisualStudioVersion = 17.4.33213.308
MinimumVisualStudioVersion = 10.0.40219.1
Project("{9A19103F-16F7-4668-BE54-9A1E7A4F7556}") = "Tests", "Tests\Tests.csproj", "{57F57B85-A537-4D3A-B7AE-B72C66B74AAB}"
EndProject
Project("{9A19103F-16F7-4668-BE54-9A1E7A4F7556}") = "DistTestCore", "DistTestCore\DistTestCore.csproj", "{47F31305-6E68-4827-8E39-7B41DAA1CE7A}"
EndProject
Project("{9A19103F-16F7-4668-BE54-9A1E7A4F7556}") = "KubernetesWorkflow", "KubernetesWorkflow\KubernetesWorkflow.csproj", "{359123AA-3D9B-4442-80F4-19E32E3EC9EA}"
EndProject
Project("{9A19103F-16F7-4668-BE54-9A1E7A4F7556}") = "Utils", "Utils\Utils.csproj", "{957DE3B8-9571-450A-8609-B267DCA8727C}"
EndProject
Project("{9A19103F-16F7-4668-BE54-9A1E7A4F7556}") = "Logging", "Logging\Logging.csproj", "{8481A4A6-4BDD-41B0-A3EB-EF53F7BD40D1}"
EndProject
Project("{9A19103F-16F7-4668-BE54-9A1E7A4F7556}") = "NethereumWorkflow", "Nethereum\NethereumWorkflow.csproj", "{D6C3555E-D52D-4993-A87B-71AB650398FD}"
EndProject
Project("{9A19103F-16F7-4668-BE54-9A1E7A4F7556}") = "ContinuousTests", "ContinuousTests\ContinuousTests.csproj", "{025B7074-0A09-4FCC-9BB9-03AE2A961EA1}"
EndProject
Project("{9A19103F-16F7-4668-BE54-9A1E7A4F7556}") = "CodexNetDeployer", "CodexNetDeployer\CodexNetDeployer.csproj", "{871CAF12-14BE-4509-BC6E-20FDF0B1083A}"
EndProject
Project("{9A19103F-16F7-4668-BE54-9A1E7A4F7556}") = "ArgsUniform", "ArgsUniform\ArgsUniform.csproj", "{634324B1-E359-42B4-A269-BDC429936B3C}"
EndProject
Project("{9A19103F-16F7-4668-BE54-9A1E7A4F7556}") = "CodexNetDownloader", "CodexNetDownloader\CodexNetDownloader.csproj", "{6CDF35D2-906A-4285-8E1F-4794588B948B}"
EndProject
Project("{9A19103F-16F7-4668-BE54-9A1E7A4F7556}") = "FileUtils", "FileUtils\FileUtils.csproj", "{ECC954DA-8D4E-49EE-83AD-80085A43DEEB}"
EndProject
Project("{9A19103F-16F7-4668-BE54-9A1E7A4F7556}") = "CodexPlugin", "CodexPlugin\CodexPlugin.csproj", "{DE4E802C-288C-45C4-84B6-8A5A6A96EF49}"
EndProject
Project("{9A19103F-16F7-4668-BE54-9A1E7A4F7556}") = "Core", "Core\Core.csproj", "{F2BF34B3-C660-43EF-BD42-BC5C60237FC4}"
EndProject
Project("{FAE04EC0-301F-11D3-BF4B-00C04F79EFBC}") = "MetricsPlugin", "MetricsPlugin\MetricsPlugin.csproj", "{FCC74AF1-463D-4E5A-9FE7-B4A13F7C8820}"
EndProject
Global
	GlobalSection(SolutionConfigurationPlatforms) = preSolution
		Debug|Any CPU = Debug|Any CPU
		Release|Any CPU = Release|Any CPU
	EndGlobalSection
	GlobalSection(ProjectConfigurationPlatforms) = postSolution
		{57F57B85-A537-4D3A-B7AE-B72C66B74AAB}.Debug|Any CPU.ActiveCfg = Debug|Any CPU
		{57F57B85-A537-4D3A-B7AE-B72C66B74AAB}.Debug|Any CPU.Build.0 = Debug|Any CPU
		{57F57B85-A537-4D3A-B7AE-B72C66B74AAB}.Release|Any CPU.ActiveCfg = Release|Any CPU
		{57F57B85-A537-4D3A-B7AE-B72C66B74AAB}.Release|Any CPU.Build.0 = Release|Any CPU
		{47F31305-6E68-4827-8E39-7B41DAA1CE7A}.Debug|Any CPU.ActiveCfg = Debug|Any CPU
		{47F31305-6E68-4827-8E39-7B41DAA1CE7A}.Debug|Any CPU.Build.0 = Debug|Any CPU
		{47F31305-6E68-4827-8E39-7B41DAA1CE7A}.Release|Any CPU.ActiveCfg = Release|Any CPU
		{47F31305-6E68-4827-8E39-7B41DAA1CE7A}.Release|Any CPU.Build.0 = Release|Any CPU
		{359123AA-3D9B-4442-80F4-19E32E3EC9EA}.Debug|Any CPU.ActiveCfg = Debug|Any CPU
		{359123AA-3D9B-4442-80F4-19E32E3EC9EA}.Debug|Any CPU.Build.0 = Debug|Any CPU
		{359123AA-3D9B-4442-80F4-19E32E3EC9EA}.Release|Any CPU.ActiveCfg = Release|Any CPU
		{359123AA-3D9B-4442-80F4-19E32E3EC9EA}.Release|Any CPU.Build.0 = Release|Any CPU
		{957DE3B8-9571-450A-8609-B267DCA8727C}.Debug|Any CPU.ActiveCfg = Debug|Any CPU
		{957DE3B8-9571-450A-8609-B267DCA8727C}.Debug|Any CPU.Build.0 = Debug|Any CPU
		{957DE3B8-9571-450A-8609-B267DCA8727C}.Release|Any CPU.ActiveCfg = Release|Any CPU
		{957DE3B8-9571-450A-8609-B267DCA8727C}.Release|Any CPU.Build.0 = Release|Any CPU
		{8481A4A6-4BDD-41B0-A3EB-EF53F7BD40D1}.Debug|Any CPU.ActiveCfg = Debug|Any CPU
		{8481A4A6-4BDD-41B0-A3EB-EF53F7BD40D1}.Debug|Any CPU.Build.0 = Debug|Any CPU
		{8481A4A6-4BDD-41B0-A3EB-EF53F7BD40D1}.Release|Any CPU.ActiveCfg = Release|Any CPU
		{8481A4A6-4BDD-41B0-A3EB-EF53F7BD40D1}.Release|Any CPU.Build.0 = Release|Any CPU
		{D6C3555E-D52D-4993-A87B-71AB650398FD}.Debug|Any CPU.ActiveCfg = Debug|Any CPU
		{D6C3555E-D52D-4993-A87B-71AB650398FD}.Debug|Any CPU.Build.0 = Debug|Any CPU
		{D6C3555E-D52D-4993-A87B-71AB650398FD}.Release|Any CPU.ActiveCfg = Release|Any CPU
		{D6C3555E-D52D-4993-A87B-71AB650398FD}.Release|Any CPU.Build.0 = Release|Any CPU
		{025B7074-0A09-4FCC-9BB9-03AE2A961EA1}.Debug|Any CPU.ActiveCfg = Debug|Any CPU
		{025B7074-0A09-4FCC-9BB9-03AE2A961EA1}.Debug|Any CPU.Build.0 = Debug|Any CPU
		{025B7074-0A09-4FCC-9BB9-03AE2A961EA1}.Release|Any CPU.ActiveCfg = Release|Any CPU
		{025B7074-0A09-4FCC-9BB9-03AE2A961EA1}.Release|Any CPU.Build.0 = Release|Any CPU
		{871CAF12-14BE-4509-BC6E-20FDF0B1083A}.Debug|Any CPU.ActiveCfg = Debug|Any CPU
		{871CAF12-14BE-4509-BC6E-20FDF0B1083A}.Debug|Any CPU.Build.0 = Debug|Any CPU
		{871CAF12-14BE-4509-BC6E-20FDF0B1083A}.Release|Any CPU.ActiveCfg = Release|Any CPU
		{871CAF12-14BE-4509-BC6E-20FDF0B1083A}.Release|Any CPU.Build.0 = Release|Any CPU
		{634324B1-E359-42B4-A269-BDC429936B3C}.Debug|Any CPU.ActiveCfg = Debug|Any CPU
		{634324B1-E359-42B4-A269-BDC429936B3C}.Debug|Any CPU.Build.0 = Debug|Any CPU
		{634324B1-E359-42B4-A269-BDC429936B3C}.Release|Any CPU.ActiveCfg = Release|Any CPU
		{634324B1-E359-42B4-A269-BDC429936B3C}.Release|Any CPU.Build.0 = Release|Any CPU
		{6CDF35D2-906A-4285-8E1F-4794588B948B}.Debug|Any CPU.ActiveCfg = Debug|Any CPU
		{6CDF35D2-906A-4285-8E1F-4794588B948B}.Debug|Any CPU.Build.0 = Debug|Any CPU
		{6CDF35D2-906A-4285-8E1F-4794588B948B}.Release|Any CPU.ActiveCfg = Release|Any CPU
		{6CDF35D2-906A-4285-8E1F-4794588B948B}.Release|Any CPU.Build.0 = Release|Any CPU
		{ECC954DA-8D4E-49EE-83AD-80085A43DEEB}.Debug|Any CPU.ActiveCfg = Debug|Any CPU
		{ECC954DA-8D4E-49EE-83AD-80085A43DEEB}.Debug|Any CPU.Build.0 = Debug|Any CPU
		{ECC954DA-8D4E-49EE-83AD-80085A43DEEB}.Release|Any CPU.ActiveCfg = Release|Any CPU
		{ECC954DA-8D4E-49EE-83AD-80085A43DEEB}.Release|Any CPU.Build.0 = Release|Any CPU
		{DE4E802C-288C-45C4-84B6-8A5A6A96EF49}.Debug|Any CPU.ActiveCfg = Debug|Any CPU
		{DE4E802C-288C-45C4-84B6-8A5A6A96EF49}.Debug|Any CPU.Build.0 = Debug|Any CPU
		{DE4E802C-288C-45C4-84B6-8A5A6A96EF49}.Release|Any CPU.ActiveCfg = Release|Any CPU
		{DE4E802C-288C-45C4-84B6-8A5A6A96EF49}.Release|Any CPU.Build.0 = Release|Any CPU
		{F2BF34B3-C660-43EF-BD42-BC5C60237FC4}.Debug|Any CPU.ActiveCfg = Debug|Any CPU
		{F2BF34B3-C660-43EF-BD42-BC5C60237FC4}.Debug|Any CPU.Build.0 = Debug|Any CPU
		{F2BF34B3-C660-43EF-BD42-BC5C60237FC4}.Release|Any CPU.ActiveCfg = Release|Any CPU
		{F2BF34B3-C660-43EF-BD42-BC5C60237FC4}.Release|Any CPU.Build.0 = Release|Any CPU
		{FCC74AF1-463D-4E5A-9FE7-B4A13F7C8820}.Debug|Any CPU.ActiveCfg = Debug|Any CPU
		{FCC74AF1-463D-4E5A-9FE7-B4A13F7C8820}.Debug|Any CPU.Build.0 = Debug|Any CPU
		{FCC74AF1-463D-4E5A-9FE7-B4A13F7C8820}.Release|Any CPU.ActiveCfg = Release|Any CPU
		{FCC74AF1-463D-4E5A-9FE7-B4A13F7C8820}.Release|Any CPU.Build.0 = Release|Any CPU
	EndGlobalSection
	GlobalSection(SolutionProperties) = preSolution
		HideSolutionNode = FALSE
	EndGlobalSection
	GlobalSection(ExtensibilityGlobals) = postSolution
		SolutionGuid = {237BF0AA-9EC4-4659-AD9A-65DEB974250C}
	EndGlobalSection
EndGlobal
